
Microsoft Visual Studio Solution File, Format Version 12.00
# Visual Studio Version 17
VisualStudioVersion = 17.3.32922.545
MinimumVisualStudioVersion = 10.0.40219.1
Project("{FAE04EC0-301F-11D3-BF4B-00C04F79EFBC}") = "Writeit", "Writeit\Writeit.csproj", "{775BDE94-D5AE-4338-AFD2-EFDE56736C09}"
EndProject
Global
	GlobalSection(SolutionConfigurationPlatforms) = preSolution
		Debug|Any CPU = Debug|Any CPU
		Release|Any CPU = Release|Any CPU
	EndGlobalSection
	GlobalSection(ProjectConfigurationPlatforms) = postSolution
		{775BDE94-D5AE-4338-AFD2-EFDE56736C09}.Debug|Any CPU.ActiveCfg = Debug|Any CPU
		{775BDE94-D5AE-4338-AFD2-EFDE56736C09}.Debug|Any CPU.Build.0 = Debug|Any CPU
		{775BDE94-D5AE-4338-AFD2-EFDE56736C09}.Release|Any CPU.ActiveCfg = Release|Any CPU
		{775BDE94-D5AE-4338-AFD2-EFDE56736C09}.Release|Any CPU.Build.0 = Release|Any CPU
	EndGlobalSection
	GlobalSection(SolutionProperties) = preSolution
		HideSolutionNode = FALSE
	EndGlobalSection
	GlobalSection(ExtensibilityGlobals) = postSolution
		SolutionGuid = {AEF46887-645D-4CCB-A0A1-320D0A31A878}
	EndGlobalSection
EndGlobal
